
Microsoft Visual Studio Solution File, Format Version 12.00
# Visual Studio 2013
VisualStudioVersion = 12.0.21005.1
MinimumVisualStudioVersion = 10.0.40219.1
Project("{2150E333-8FDC-42A3-9474-1A3956D46DE8}") = "0 - Presentation", "0 - Presentation", "{B24676FC-64BF-472E-BA2F-55A1F8E86345}"
EndProject
Project("{2150E333-8FDC-42A3-9474-1A3956D46DE8}") = "1 - Service", "1 - Service", "{CBADCE3A-48D9-4438-A593-B944AC16B778}"
EndProject
Project("{2150E333-8FDC-42A3-9474-1A3956D46DE8}") = "2 - Application", "2 - Application", "{51345F87-80B9-4090-A287-9BCDE43DF424}"
EndProject
Project("{2150E333-8FDC-42A3-9474-1A3956D46DE8}") = "3 - Domain", "3 - Domain", "{A7BF000E-1AE2-4A69-B14B-CDE03349DE52}"
EndProject
Project("{2150E333-8FDC-42A3-9474-1A3956D46DE8}") = "4 - Infra", "4 - Infra", "{A81140C3-89D4-495A-BC6E-3B8843602728}"
EndProject
Project("{2150E333-8FDC-42A3-9474-1A3956D46DE8}") = "4.1 Cross Cutting", "4.1 Cross Cutting", "{5D9E56C1-681F-4A30-9059-1A55F3749041}"
EndProject
Project("{2150E333-8FDC-42A3-9474-1A3956D46DE8}") = "4.1 Data", "4.1 Data", "{D503A0C7-CAC7-4383-B1F9-81AC6324E1B3}"
EndProject
Project("{FAE04EC0-301F-11D3-BF4B-00C04F79EFBC}") = "ProjetoModeloDDD.MVC", "ProjetoModeloDDD.MVC\ProjetoModeloDDD.MVC.csproj", "{BEC061AC-54B5-4CA2-9EFC-06D9AB44DC47}"
EndProject
Project("{FAE04EC0-301F-11D3-BF4B-00C04F79EFBC}") = "ProjetoModeloDDD.Domain", "ProjetoModeloDDD.Domain\ProjetoModeloDDD.Domain.csproj", "{F1FA47B8-BB0F-415A-8B39-1FA4D9ABD7A3}"
EndProject
Project("{FAE04EC0-301F-11D3-BF4B-00C04F79EFBC}") = "ProjetoModeloDDD.Infra.Data", "ProjetoModeloDDD.Infra.Data\ProjetoModeloDDD.Infra.Data.csproj", "{321CF87D-C0A9-4FC9-B1AF-157DCCCA2663}"
EndProject
Project("{FAE04EC0-301F-11D3-BF4B-00C04F79EFBC}") = "ProjetoModeloDDD.Application", "ProjetoModeloDDD.Application\ProjetoModeloDDD.Application.csproj", "{82E8B201-20C5-43E2-9DDA-721442339780}"
EndProject
Global
	GlobalSection(SolutionConfigurationPlatforms) = preSolution
		Debug|Any CPU = Debug|Any CPU
		Release|Any CPU = Release|Any CPU
	EndGlobalSection
	GlobalSection(ProjectConfigurationPlatforms) = postSolution
		{BEC061AC-54B5-4CA2-9EFC-06D9AB44DC47}.Debug|Any CPU.ActiveCfg = Debug|Any CPU
		{BEC061AC-54B5-4CA2-9EFC-06D9AB44DC47}.Debug|Any CPU.Build.0 = Debug|Any CPU
		{BEC061AC-54B5-4CA2-9EFC-06D9AB44DC47}.Release|Any CPU.ActiveCfg = Release|Any CPU
		{BEC061AC-54B5-4CA2-9EFC-06D9AB44DC47}.Release|Any CPU.Build.0 = Release|Any CPU
		{F1FA47B8-BB0F-415A-8B39-1FA4D9ABD7A3}.Debug|Any CPU.ActiveCfg = Debug|Any CPU
		{F1FA47B8-BB0F-415A-8B39-1FA4D9ABD7A3}.Debug|Any CPU.Build.0 = Debug|Any CPU
		{F1FA47B8-BB0F-415A-8B39-1FA4D9ABD7A3}.Release|Any CPU.ActiveCfg = Release|Any CPU
		{F1FA47B8-BB0F-415A-8B39-1FA4D9ABD7A3}.Release|Any CPU.Build.0 = Release|Any CPU
		{321CF87D-C0A9-4FC9-B1AF-157DCCCA2663}.Debug|Any CPU.ActiveCfg = Debug|Any CPU
		{321CF87D-C0A9-4FC9-B1AF-157DCCCA2663}.Debug|Any CPU.Build.0 = Debug|Any CPU
		{321CF87D-C0A9-4FC9-B1AF-157DCCCA2663}.Release|Any CPU.ActiveCfg = Release|Any CPU
		{321CF87D-C0A9-4FC9-B1AF-157DCCCA2663}.Release|Any CPU.Build.0 = Release|Any CPU
		{82E8B201-20C5-43E2-9DDA-721442339780}.Debug|Any CPU.ActiveCfg = Debug|Any CPU
		{82E8B201-20C5-43E2-9DDA-721442339780}.Debug|Any CPU.Build.0 = Debug|Any CPU
		{82E8B201-20C5-43E2-9DDA-721442339780}.Release|Any CPU.ActiveCfg = Release|Any CPU
		{82E8B201-20C5-43E2-9DDA-721442339780}.Release|Any CPU.Build.0 = Release|Any CPU
	EndGlobalSection
	GlobalSection(SolutionProperties) = preSolution
		HideSolutionNode = FALSE
	EndGlobalSection
	GlobalSection(NestedProjects) = preSolution
		{BEC061AC-54B5-4CA2-9EFC-06D9AB44DC47} = {B24676FC-64BF-472E-BA2F-55A1F8E86345}
		{82E8B201-20C5-43E2-9DDA-721442339780} = {51345F87-80B9-4090-A287-9BCDE43DF424}
		{F1FA47B8-BB0F-415A-8B39-1FA4D9ABD7A3} = {A7BF000E-1AE2-4A69-B14B-CDE03349DE52}
		{5D9E56C1-681F-4A30-9059-1A55F3749041} = {A81140C3-89D4-495A-BC6E-3B8843602728}
		{D503A0C7-CAC7-4383-B1F9-81AC6324E1B3} = {A81140C3-89D4-495A-BC6E-3B8843602728}
		{321CF87D-C0A9-4FC9-B1AF-157DCCCA2663} = {D503A0C7-CAC7-4383-B1F9-81AC6324E1B3}
	EndGlobalSection
EndGlobal
